// !$*UTF8*$!
{
	archiveVersion = 1;
	classes = {
	};
	objectVersion = 55;
	objects = {

/* Begin PBXBuildFile section */
		9323C6EC27E53578009EBDA5 /* LoginView.swift in Sources */ = {isa = PBXBuildFile; fileRef = 9323C6EB27E53578009EBDA5 /* LoginView.swift */; };
		936425D027E63FE70087DA3E /* CustomTextField.swift in Sources */ = {isa = PBXBuildFile; fileRef = 936425CF27E63FE70087DA3E /* CustomTextField.swift */; };
		938021C227D7A0CC00AC2EB2 /* SearchBar.swift in Sources */ = {isa = PBXBuildFile; fileRef = 938021C127D7A0CC00AC2EB2 /* SearchBar.swift */; };
		93A04CC027E8E9A6009B271A /* AuthViewModel.swift in Sources */ = {isa = PBXBuildFile; fileRef = 93A04CBF27E8E9A6009B271A /* AuthViewModel.swift */; };
		93A04CC227E90516009B271A /* DefaultNavigationBar.swift in Sources */ = {isa = PBXBuildFile; fileRef = 93A04CC127E90516009B271A /* DefaultNavigationBar.swift */; };
		93AC298527DB9A7400F651DD /* Extensions.swift in Sources */ = {isa = PBXBuildFile; fileRef = 93AC298427DB9A7400F651DD /* Extensions.swift */; };
		93AC298727DD036600F651DD /* NotificationCell.swift in Sources */ = {isa = PBXBuildFile; fileRef = 93AC298627DD036600F651DD /* NotificationCell.swift */; };
		93AC298927DD0E4B00F651DD /* ProfileHeaderView.swift in Sources */ = {isa = PBXBuildFile; fileRef = 93AC298827DD0E4B00F651DD /* ProfileHeaderView.swift */; };
		93AC298B27DD192700F651DD /* ProfileUserStatView.swift in Sources */ = {isa = PBXBuildFile; fileRef = 93AC298A27DD192700F651DD /* ProfileUserStatView.swift */; };
		93AC298D27DD1F9F00F651DD /* ProfileActionButtonView.swift in Sources */ = {isa = PBXBuildFile; fileRef = 93AC298C27DD1F9F00F651DD /* ProfileActionButtonView.swift */; };
		93AC298F27DE575F00F651DD /* ImagePicker.swift in Sources */ = {isa = PBXBuildFile; fileRef = 93AC298E27DE575F00F651DD /* ImagePicker.swift */; };
		93AF814F27D51DD60098B134 /* InstagramApp.swift in Sources */ = {isa = PBXBuildFile; fileRef = 93AF814E27D51DD60098B134 /* InstagramApp.swift */; };
		93AF815127D51DD60098B134 /* ContentView.swift in Sources */ = {isa = PBXBuildFile; fileRef = 93AF815027D51DD60098B134 /* ContentView.swift */; };
		93AF815327D51DD70098B134 /* Assets.xcassets in Resources */ = {isa = PBXBuildFile; fileRef = 93AF815227D51DD70098B134 /* Assets.xcassets */; };
		93AF815627D51DD70098B134 /* Preview Assets.xcassets in Resources */ = {isa = PBXBuildFile; fileRef = 93AF815527D51DD70098B134 /* Preview Assets.xcassets */; };
		93AF816627D5226F0098B134 /* MainTabView.swift in Sources */ = {isa = PBXBuildFile; fileRef = 93AF816527D5226F0098B134 /* MainTabView.swift */; };
		93AF817027D523CE0098B134 /* FeedView.swift in Sources */ = {isa = PBXBuildFile; fileRef = 93AF816F27D523CE0098B134 /* FeedView.swift */; };
		93AF817227D5241A0098B134 /* UploadPostView.swift in Sources */ = {isa = PBXBuildFile; fileRef = 93AF817127D5241A0098B134 /* UploadPostView.swift */; };
		93AF817427D5243A0098B134 /* ProfileView.swift in Sources */ = {isa = PBXBuildFile; fileRef = 93AF817327D5243A0098B134 /* ProfileView.swift */; };
		93AF817627D524490098B134 /* NotificationsView.swift in Sources */ = {isa = PBXBuildFile; fileRef = 93AF817527D524490098B134 /* NotificationsView.swift */; };
		93AF817827D524D50098B134 /* SearchView.swift in Sources */ = {isa = PBXBuildFile; fileRef = 93AF817727D524D50098B134 /* SearchView.swift */; };
		93AF817A27D52CC80098B134 /* FeedCell.swift in Sources */ = {isa = PBXBuildFile; fileRef = 93AF817927D52CC80098B134 /* FeedCell.swift */; };
		93B164CB27D7AA31006F4C61 /* PostGridView.swift in Sources */ = {isa = PBXBuildFile; fileRef = 93B164CA27D7AA31006F4C61 /* PostGridView.swift */; };
		93B164CD27D7BB1C006F4C61 /* UserListView.swift in Sources */ = {isa = PBXBuildFile; fileRef = 93B164CC27D7BB1C006F4C61 /* UserListView.swift */; };
		93B164CF27D7BB24006F4C61 /* UserCell.swift in Sources */ = {isa = PBXBuildFile; fileRef = 93B164CE27D7BB24006F4C61 /* UserCell.swift */; };
		93C47ADA27E7C49E0091FA2F /* RegistrationView.swift in Sources */ = {isa = PBXBuildFile; fileRef = 93C47AD927E7C49E0091FA2F /* RegistrationView.swift */; };
		93C47ADE27E7D5EC0091FA2F /* GoogleService-Info.plist in Resources */ = {isa = PBXBuildFile; fileRef = 93C47ADD27E7D5EC0091FA2F /* GoogleService-Info.plist */; };
		93C47AE127E7D7410091FA2F /* FirebaseAuth in Frameworks */ = {isa = PBXBuildFile; productRef = 93C47AE027E7D7410091FA2F /* FirebaseAuth */; };
		93C47AE327E7D7410091FA2F /* FirebaseFirestore in Frameworks */ = {isa = PBXBuildFile; productRef = 93C47AE227E7D7410091FA2F /* FirebaseFirestore */; };
		93C47AE527E7D7410091FA2F /* FirebaseFunctions in Frameworks */ = {isa = PBXBuildFile; productRef = 93C47AE427E7D7410091FA2F /* FirebaseFunctions */; };
		93C47AE727E7D7410091FA2F /* FirebaseMessaging in Frameworks */ = {isa = PBXBuildFile; productRef = 93C47AE627E7D7410091FA2F /* FirebaseMessaging */; };
		93C47AE927E7D7410091FA2F /* FirebaseStorage in Frameworks */ = {isa = PBXBuildFile; productRef = 93C47AE827E7D7410091FA2F /* FirebaseStorage */; };
		93C47AEC27E7D7E00091FA2F /* Kingfisher in Frameworks */ = {isa = PBXBuildFile; productRef = 93C47AEB27E7D7E00091FA2F /* Kingfisher */; };
/* End PBXBuildFile section */

/* Begin PBXFileReference section */
		9323C6EB27E53578009EBDA5 /* LoginView.swift */ = {isa = PBXFileReference; lastKnownFileType = sourcecode.swift; path = LoginView.swift; sourceTree = "<group>"; };
		936425CF27E63FE70087DA3E /* CustomTextField.swift */ = {isa = PBXFileReference; lastKnownFileType = sourcecode.swift; path = CustomTextField.swift; sourceTree = "<group>"; };
		938021C127D7A0CC00AC2EB2 /* SearchBar.swift */ = {isa = PBXFileReference; lastKnownFileType = sourcecode.swift; path = SearchBar.swift; sourceTree = "<group>"; };
		93A04CBF27E8E9A6009B271A /* AuthViewModel.swift */ = {isa = PBXFileReference; lastKnownFileType = sourcecode.swift; path = AuthViewModel.swift; sourceTree = "<group>"; };
		93A04CC127E90516009B271A /* DefaultNavigationBar.swift */ = {isa = PBXFileReference; lastKnownFileType = sourcecode.swift; path = DefaultNavigationBar.swift; sourceTree = "<group>"; };
		93AC298427DB9A7400F651DD /* Extensions.swift */ = {isa = PBXFileReference; lastKnownFileType = sourcecode.swift; path = Extensions.swift; sourceTree = "<group>"; };
		93AC298627DD036600F651DD /* NotificationCell.swift */ = {isa = PBXFileReference; lastKnownFileType = sourcecode.swift; path = NotificationCell.swift; sourceTree = "<group>"; };
		93AC298827DD0E4B00F651DD /* ProfileHeaderView.swift */ = {isa = PBXFileReference; lastKnownFileType = sourcecode.swift; path = ProfileHeaderView.swift; sourceTree = "<group>"; };
		93AC298A27DD192700F651DD /* ProfileUserStatView.swift */ = {isa = PBXFileReference; lastKnownFileType = sourcecode.swift; path = ProfileUserStatView.swift; sourceTree = "<group>"; };
		93AC298C27DD1F9F00F651DD /* ProfileActionButtonView.swift */ = {isa = PBXFileReference; lastKnownFileType = sourcecode.swift; path = ProfileActionButtonView.swift; sourceTree = "<group>"; };
		93AC298E27DE575F00F651DD /* ImagePicker.swift */ = {isa = PBXFileReference; lastKnownFileType = sourcecode.swift; path = ImagePicker.swift; sourceTree = "<group>"; };
		93AF814B27D51DD60098B134 /* Instagram.app */ = {isa = PBXFileReference; explicitFileType = wrapper.application; includeInIndex = 0; path = Instagram.app; sourceTree = BUILT_PRODUCTS_DIR; };
		93AF814E27D51DD60098B134 /* InstagramApp.swift */ = {isa = PBXFileReference; lastKnownFileType = sourcecode.swift; path = InstagramApp.swift; sourceTree = "<group>"; };
		93AF815027D51DD60098B134 /* ContentView.swift */ = {isa = PBXFileReference; lastKnownFileType = sourcecode.swift; path = ContentView.swift; sourceTree = "<group>"; };
		93AF815227D51DD70098B134 /* Assets.xcassets */ = {isa = PBXFileReference; lastKnownFileType = folder.assetcatalog; path = Assets.xcassets; sourceTree = "<group>"; };
		93AF815527D51DD70098B134 /* Preview Assets.xcassets */ = {isa = PBXFileReference; lastKnownFileType = folder.assetcatalog; path = "Preview Assets.xcassets"; sourceTree = "<group>"; };
		93AF816527D5226F0098B134 /* MainTabView.swift */ = {isa = PBXFileReference; lastKnownFileType = sourcecode.swift; path = MainTabView.swift; sourceTree = "<group>"; };
		93AF816F27D523CE0098B134 /* FeedView.swift */ = {isa = PBXFileReference; lastKnownFileType = sourcecode.swift; path = FeedView.swift; sourceTree = "<group>"; };
		93AF817127D5241A0098B134 /* UploadPostView.swift */ = {isa = PBXFileReference; lastKnownFileType = sourcecode.swift; path = UploadPostView.swift; sourceTree = "<group>"; };
		93AF817327D5243A0098B134 /* ProfileView.swift */ = {isa = PBXFileReference; lastKnownFileType = sourcecode.swift; path = ProfileView.swift; sourceTree = "<group>"; };
		93AF817527D524490098B134 /* NotificationsView.swift */ = {isa = PBXFileReference; lastKnownFileType = sourcecode.swift; path = NotificationsView.swift; sourceTree = "<group>"; };
		93AF817727D524D50098B134 /* SearchView.swift */ = {isa = PBXFileReference; lastKnownFileType = sourcecode.swift; path = SearchView.swift; sourceTree = "<group>"; };
		93AF817927D52CC80098B134 /* FeedCell.swift */ = {isa = PBXFileReference; lastKnownFileType = sourcecode.swift; path = FeedCell.swift; sourceTree = "<group>"; };
		93B164CA27D7AA31006F4C61 /* PostGridView.swift */ = {isa = PBXFileReference; lastKnownFileType = sourcecode.swift; path = PostGridView.swift; sourceTree = "<group>"; };
		93B164CC27D7BB1C006F4C61 /* UserListView.swift */ = {isa = PBXFileReference; lastKnownFileType = sourcecode.swift; path = UserListView.swift; sourceTree = "<group>"; };
		93B164CE27D7BB24006F4C61 /* UserCell.swift */ = {isa = PBXFileReference; lastKnownFileType = sourcecode.swift; path = UserCell.swift; sourceTree = "<group>"; };
		93C47AD927E7C49E0091FA2F /* RegistrationView.swift */ = {isa = PBXFileReference; lastKnownFileType = sourcecode.swift; path = RegistrationView.swift; sourceTree = "<group>"; };
		93C47ADD27E7D5EC0091FA2F /* GoogleService-Info.plist */ = {isa = PBXFileReference; lastKnownFileType = text.plist; path = "GoogleService-Info.plist"; sourceTree = SOURCE_ROOT; };
/* End PBXFileReference section */

/* Begin PBXFrameworksBuildPhase section */
		93AF814827D51DD60098B134 /* Frameworks */ = {
			isa = PBXFrameworksBuildPhase;
			buildActionMask = 2147483647;
			files = (
				93C47AEC27E7D7E00091FA2F /* Kingfisher in Frameworks */,
				93C47AE727E7D7410091FA2F /* FirebaseMessaging in Frameworks */,
				93C47AE527E7D7410091FA2F /* FirebaseFunctions in Frameworks */,
				93C47AE127E7D7410091FA2F /* FirebaseAuth in Frameworks */,
				93C47AE927E7D7410091FA2F /* FirebaseStorage in Frameworks */,
				93C47AE327E7D7410091FA2F /* FirebaseFirestore in Frameworks */,
			);
			runOnlyForDeploymentPostprocessing = 0;
		};
/* End PBXFrameworksBuildPhase section */

/* Begin PBXGroup section */
		93AF814227D51DD60098B134 = {
			isa = PBXGroup;
			children = (
				93AF814D27D51DD60098B134 /* Instagram */,
				93AF814C27D51DD60098B134 /* Products */,
			);
			sourceTree = "<group>";
		};
		93AF814C27D51DD60098B134 /* Products */ = {
			isa = PBXGroup;
			children = (
				93AF814B27D51DD60098B134 /* Instagram.app */,
			);
			name = Products;
			sourceTree = "<group>";
		};
		93AF814D27D51DD60098B134 /* Instagram */ = {
			isa = PBXGroup;
			children = (
				93AF816127D51F350098B134 /* Model */,
				93AF816027D51F2B0098B134 /* View */,
				93AF815F27D51F280098B134 /* ViewModel */,
				93AF815D27D51F1E0098B134 /* Utils */,
				93AF815C27D51F0E0098B134 /* API */,
				93AF814E27D51DD60098B134 /* InstagramApp.swift */,
				93AF815227D51DD70098B134 /* Assets.xcassets */,
				93C47ADD27E7D5EC0091FA2F /* GoogleService-Info.plist */,
				93AF815427D51DD70098B134 /* Preview Content */,
			);
			path = Instagram;
			sourceTree = "<group>";
		};
		93AF815427D51DD70098B134 /* Preview Content */ = {
			isa = PBXGroup;
			children = (
				93AF815527D51DD70098B134 /* Preview Assets.xcassets */,
			);
			path = "Preview Content";
			sourceTree = "<group>";
		};
		93AF815C27D51F0E0098B134 /* API */ = {
			isa = PBXGroup;
			children = (
			);
			path = API;
			sourceTree = "<group>";
		};
		93AF815D27D51F1E0098B134 /* Utils */ = {
			isa = PBXGroup;
			children = (
				93AC298427DB9A7400F651DD /* Extensions.swift */,
				93AC298E27DE575F00F651DD /* ImagePicker.swift */,
				936425CF27E63FE70087DA3E /* CustomTextField.swift */,
				93A04CC127E90516009B271A /* DefaultNavigationBar.swift */,
			);
			path = Utils;
			sourceTree = "<group>";
		};
		93AF815F27D51F280098B134 /* ViewModel */ = {
			isa = PBXGroup;
			children = (
				93A04CBF27E8E9A6009B271A /* AuthViewModel.swift */,
			);
			path = ViewModel;
			sourceTree = "<group>";
		};
		93AF816027D51F2B0098B134 /* View */ = {
			isa = PBXGroup;
			children = (
				93AF816E27D523AE0098B134 /* UploadPost */,
				93AF816D27D523A50098B134 /* Profile */,
				93AF816C27D5239F0098B134 /* Feed */,
				93AF816B27D523890098B134 /* Comments */,
				93AF816A27D523820098B134 /* Search */,
				93AF816927D523780098B134 /* Notifications */,
				93AF816827D5236D0098B134 /* Autentification */,
				93AF816727D523640098B134 /* Items */,
				93AF816227D51F9F0098B134 /* Main */,
			);
			path = View;
			sourceTree = "<group>";
		};
		93AF816127D51F350098B134 /* Model */ = {
			isa = PBXGroup;
			children = (
			);
			path = Model;
			sourceTree = "<group>";
		};
		93AF816227D51F9F0098B134 /* Main */ = {
			isa = PBXGroup;
			children = (
				93AF815027D51DD60098B134 /* ContentView.swift */,
				93AF816527D5226F0098B134 /* MainTabView.swift */,
			);
			path = Main;
			sourceTree = "<group>";
		};
		93AF816727D523640098B134 /* Items */ = {
			isa = PBXGroup;
			children = (
				93B164CA27D7AA31006F4C61 /* PostGridView.swift */,
				93B164CC27D7BB1C006F4C61 /* UserListView.swift */,
				93B164CE27D7BB24006F4C61 /* UserCell.swift */,
			);
			path = Items;
			sourceTree = "<group>";
		};
		93AF816827D5236D0098B134 /* Autentification */ = {
			isa = PBXGroup;
			children = (
				9323C6EB27E53578009EBDA5 /* LoginView.swift */,
				93C47AD927E7C49E0091FA2F /* RegistrationView.swift */,
			);
			path = Autentification;
			sourceTree = "<group>";
		};
		93AF816927D523780098B134 /* Notifications */ = {
			isa = PBXGroup;
			children = (
				93AF817527D524490098B134 /* NotificationsView.swift */,
				93AC298627DD036600F651DD /* NotificationCell.swift */,
			);
			path = Notifications;
			sourceTree = "<group>";
		};
		93AF816A27D523820098B134 /* Search */ = {
			isa = PBXGroup;
			children = (
				93AF817727D524D50098B134 /* SearchView.swift */,
				938021C127D7A0CC00AC2EB2 /* SearchBar.swift */,
			);
			path = Search;
			sourceTree = "<group>";
		};
		93AF816B27D523890098B134 /* Comments */ = {
			isa = PBXGroup;
			children = (
			);
			path = Comments;
			sourceTree = "<group>";
		};
		93AF816C27D5239F0098B134 /* Feed */ = {
			isa = PBXGroup;
			children = (
				93AF816F27D523CE0098B134 /* FeedView.swift */,
				93AF817927D52CC80098B134 /* FeedCell.swift */,
			);
			path = Feed;
			sourceTree = "<group>";
		};
		93AF816D27D523A50098B134 /* Profile */ = {
			isa = PBXGroup;
			children = (
				93AF817327D5243A0098B134 /* ProfileView.swift */,
				93AC298827DD0E4B00F651DD /* ProfileHeaderView.swift */,
				93AC298A27DD192700F651DD /* ProfileUserStatView.swift */,
				93AC298C27DD1F9F00F651DD /* ProfileActionButtonView.swift */,
			);
			path = Profile;
			sourceTree = "<group>";
		};
		93AF816E27D523AE0098B134 /* UploadPost */ = {
			isa = PBXGroup;
			children = (
				93AF817127D5241A0098B134 /* UploadPostView.swift */,
			);
			path = UploadPost;
			sourceTree = "<group>";
		};
/* End PBXGroup section */

/* Begin PBXNativeTarget section */
		93AF814A27D51DD60098B134 /* Instagram */ = {
			isa = PBXNativeTarget;
			buildConfigurationList = 93AF815927D51DD70098B134 /* Build configuration list for PBXNativeTarget "Instagram" */;
			buildPhases = (
				93AF814727D51DD60098B134 /* Sources */,
				93AF814827D51DD60098B134 /* Frameworks */,
				93AF814927D51DD60098B134 /* Resources */,
			);
			buildRules = (
			);
			dependencies = (
			);
			name = Instagram;
			packageProductDependencies = (
				93C47AE027E7D7410091FA2F /* FirebaseAuth */,
				93C47AE227E7D7410091FA2F /* FirebaseFirestore */,
				93C47AE427E7D7410091FA2F /* FirebaseFunctions */,
				93C47AE627E7D7410091FA2F /* FirebaseMessaging */,
				93C47AE827E7D7410091FA2F /* FirebaseStorage */,
				93C47AEB27E7D7E00091FA2F /* Kingfisher */,
			);
			productName = Instagram;
			productReference = 93AF814B27D51DD60098B134 /* Instagram.app */;
			productType = "com.apple.product-type.application";
		};
/* End PBXNativeTarget section */

/* Begin PBXProject section */
		93AF814327D51DD60098B134 /* Project object */ = {
			isa = PBXProject;
			attributes = {
				BuildIndependentTargetsInParallel = 1;
				LastSwiftUpdateCheck = 1320;
				LastUpgradeCheck = 1320;
				TargetAttributes = {
					93AF814A27D51DD60098B134 = {
						CreatedOnToolsVersion = 13.2.1;
					};
				};
			};
			buildConfigurationList = 93AF814627D51DD60098B134 /* Build configuration list for PBXProject "Instagram" */;
			compatibilityVersion = "Xcode 13.0";
			developmentRegion = en;
			hasScannedForEncodings = 0;
			knownRegions = (
				en,
				Base,
			);
			mainGroup = 93AF814227D51DD60098B134;
			packageReferences = (
				93C47ADF27E7D7410091FA2F /* XCRemoteSwiftPackageReference "firebase-ios-sdk" */,
				93C47AEA27E7D7E00091FA2F /* XCRemoteSwiftPackageReference "Kingfisher" */,
			);
			productRefGroup = 93AF814C27D51DD60098B134 /* Products */;
			projectDirPath = "";
			projectRoot = "";
			targets = (
				93AF814A27D51DD60098B134 /* Instagram */,
			);
		};
/* End PBXProject section */

/* Begin PBXResourcesBuildPhase section */
		93AF814927D51DD60098B134 /* Resources */ = {
			isa = PBXResourcesBuildPhase;
			buildActionMask = 2147483647;
			files = (
				93AF815627D51DD70098B134 /* Preview Assets.xcassets in Resources */,
				93AF815327D51DD70098B134 /* Assets.xcassets in Resources */,
				93C47ADE27E7D5EC0091FA2F /* GoogleService-Info.plist in Resources */,
			);
			runOnlyForDeploymentPostprocessing = 0;
		};
/* End PBXResourcesBuildPhase section */

/* Begin PBXSourcesBuildPhase section */
		93AF814727D51DD60098B134 /* Sources */ = {
			isa = PBXSourcesBuildPhase;
			buildActionMask = 2147483647;
			files = (
				93AF817027D523CE0098B134 /* FeedView.swift in Sources */,
				93B164CF27D7BB24006F4C61 /* UserCell.swift in Sources */,
				93AF817227D5241A0098B134 /* UploadPostView.swift in Sources */,
				93B164CB27D7AA31006F4C61 /* PostGridView.swift in Sources */,
				93AC298B27DD192700F651DD /* ProfileUserStatView.swift in Sources */,
				93AF815127D51DD60098B134 /* ContentView.swift in Sources */,
				93AF814F27D51DD60098B134 /* InstagramApp.swift in Sources */,
				93A04CC227E90516009B271A /* DefaultNavigationBar.swift in Sources */,
				93AC298F27DE575F00F651DD /* ImagePicker.swift in Sources */,
				93AF817827D524D50098B134 /* SearchView.swift in Sources */,
				93AC298927DD0E4B00F651DD /* ProfileHeaderView.swift in Sources */,
				93AF817427D5243A0098B134 /* ProfileView.swift in Sources */,
				93C47ADA27E7C49E0091FA2F /* RegistrationView.swift in Sources */,
				93B164CD27D7BB1C006F4C61 /* UserListView.swift in Sources */,
				93AF816627D5226F0098B134 /* MainTabView.swift in Sources */,
				938021C227D7A0CC00AC2EB2 /* SearchBar.swift in Sources */,
				936425D027E63FE70087DA3E /* CustomTextField.swift in Sources */,
				93AF817627D524490098B134 /* NotificationsView.swift in Sources */,
				93A04CC027E8E9A6009B271A /* AuthViewModel.swift in Sources */,
				93AC298D27DD1F9F00F651DD /* ProfileActionButtonView.swift in Sources */,
				93AF817A27D52CC80098B134 /* FeedCell.swift in Sources */,
				93AC298727DD036600F651DD /* NotificationCell.swift in Sources */,
				9323C6EC27E53578009EBDA5 /* LoginView.swift in Sources */,
				93AC298527DB9A7400F651DD /* Extensions.swift in Sources */,
			);
			runOnlyForDeploymentPostprocessing = 0;
		};
/* End PBXSourcesBuildPhase section */

/* Begin XCBuildConfiguration section */
		93AF815727D51DD70098B134 /* Debug */ = {
			isa = XCBuildConfiguration;
			buildSettings = {
				ALWAYS_SEARCH_USER_PATHS = NO;
				CLANG_ANALYZER_NONNULL = YES;
				CLANG_ANALYZER_NUMBER_OBJECT_CONVERSION = YES_AGGRESSIVE;
				CLANG_CXX_LANGUAGE_STANDARD = "gnu++17";
				CLANG_CXX_LIBRARY = "libc++";
				CLANG_ENABLE_MODULES = YES;
				CLANG_ENABLE_OBJC_ARC = YES;
				CLANG_ENABLE_OBJC_WEAK = YES;
				CLANG_WARN_BLOCK_CAPTURE_AUTORELEASING = YES;
				CLANG_WARN_BOOL_CONVERSION = YES;
				CLANG_WARN_COMMA = YES;
				CLANG_WARN_CONSTANT_CONVERSION = YES;
				CLANG_WARN_DEPRECATED_OBJC_IMPLEMENTATIONS = YES;
				CLANG_WARN_DIRECT_OBJC_ISA_USAGE = YES_ERROR;
				CLANG_WARN_DOCUMENTATION_COMMENTS = YES;
				CLANG_WARN_EMPTY_BODY = YES;
				CLANG_WARN_ENUM_CONVERSION = YES;
				CLANG_WARN_INFINITE_RECURSION = YES;
				CLANG_WARN_INT_CONVERSION = YES;
				CLANG_WARN_NON_LITERAL_NULL_CONVERSION = YES;
				CLANG_WARN_OBJC_IMPLICIT_RETAIN_SELF = YES;
				CLANG_WARN_OBJC_LITERAL_CONVERSION = YES;
				CLANG_WARN_OBJC_ROOT_CLASS = YES_ERROR;
				CLANG_WARN_QUOTED_INCLUDE_IN_FRAMEWORK_HEADER = YES;
				CLANG_WARN_RANGE_LOOP_ANALYSIS = YES;
				CLANG_WARN_STRICT_PROTOTYPES = YES;
				CLANG_WARN_SUSPICIOUS_MOVE = YES;
				CLANG_WARN_UNGUARDED_AVAILABILITY = YES_AGGRESSIVE;
				CLANG_WARN_UNREACHABLE_CODE = YES;
				CLANG_WARN__DUPLICATE_METHOD_MATCH = YES;
				COPY_PHASE_STRIP = NO;
				DEBUG_INFORMATION_FORMAT = dwarf;
				ENABLE_STRICT_OBJC_MSGSEND = YES;
				ENABLE_TESTABILITY = YES;
				GCC_C_LANGUAGE_STANDARD = gnu11;
				GCC_DYNAMIC_NO_PIC = NO;
				GCC_NO_COMMON_BLOCKS = YES;
				GCC_OPTIMIZATION_LEVEL = 0;
				GCC_PREPROCESSOR_DEFINITIONS = (
					"DEBUG=1",
					"$(inherited)",
				);
				GCC_WARN_64_TO_32_BIT_CONVERSION = YES;
				GCC_WARN_ABOUT_RETURN_TYPE = YES_ERROR;
				GCC_WARN_UNDECLARED_SELECTOR = YES;
				GCC_WARN_UNINITIALIZED_AUTOS = YES_AGGRESSIVE;
				GCC_WARN_UNUSED_FUNCTION = YES;
				GCC_WARN_UNUSED_VARIABLE = YES;
				IPHONEOS_DEPLOYMENT_TARGET = 15.0;
				MTL_ENABLE_DEBUG_INFO = INCLUDE_SOURCE;
				MTL_FAST_MATH = YES;
				ONLY_ACTIVE_ARCH = YES;
				SDKROOT = iphoneos;
				SWIFT_ACTIVE_COMPILATION_CONDITIONS = DEBUG;
				SWIFT_OPTIMIZATION_LEVEL = "-Onone";
			};
			name = Debug;
		};
		93AF815827D51DD70098B134 /* Release */ = {
			isa = XCBuildConfiguration;
			buildSettings = {
				ALWAYS_SEARCH_USER_PATHS = NO;
				CLANG_ANALYZER_NONNULL = YES;
				CLANG_ANALYZER_NUMBER_OBJECT_CONVERSION = YES_AGGRESSIVE;
				CLANG_CXX_LANGUAGE_STANDARD = "gnu++17";
				CLANG_CXX_LIBRARY = "libc++";
				CLANG_ENABLE_MODULES = YES;
				CLANG_ENABLE_OBJC_ARC = YES;
				CLANG_ENABLE_OBJC_WEAK = YES;
				CLANG_WARN_BLOCK_CAPTURE_AUTORELEASING = YES;
				CLANG_WARN_BOOL_CONVERSION = YES;
				CLANG_WARN_COMMA = YES;
				CLANG_WARN_CONSTANT_CONVERSION = YES;
				CLANG_WARN_DEPRECATED_OBJC_IMPLEMENTATIONS = YES;
				CLANG_WARN_DIRECT_OBJC_ISA_USAGE = YES_ERROR;
				CLANG_WARN_DOCUMENTATION_COMMENTS = YES;
				CLANG_WARN_EMPTY_BODY = YES;
				CLANG_WARN_ENUM_CONVERSION = YES;
				CLANG_WARN_INFINITE_RECURSION = YES;
				CLANG_WARN_INT_CONVERSION = YES;
				CLANG_WARN_NON_LITERAL_NULL_CONVERSION = YES;
				CLANG_WARN_OBJC_IMPLICIT_RETAIN_SELF = YES;
				CLANG_WARN_OBJC_LITERAL_CONVERSION = YES;
				CLANG_WARN_OBJC_ROOT_CLASS = YES_ERROR;
				CLANG_WARN_QUOTED_INCLUDE_IN_FRAMEWORK_HEADER = YES;
				CLANG_WARN_RANGE_LOOP_ANALYSIS = YES;
				CLANG_WARN_STRICT_PROTOTYPES = YES;
				CLANG_WARN_SUSPICIOUS_MOVE = YES;
				CLANG_WARN_UNGUARDED_AVAILABILITY = YES_AGGRESSIVE;
				CLANG_WARN_UNREACHABLE_CODE = YES;
				CLANG_WARN__DUPLICATE_METHOD_MATCH = YES;
				COPY_PHASE_STRIP = NO;
				DEBUG_INFORMATION_FORMAT = "dwarf-with-dsym";
				ENABLE_NS_ASSERTIONS = NO;
				ENABLE_STRICT_OBJC_MSGSEND = YES;
				GCC_C_LANGUAGE_STANDARD = gnu11;
				GCC_NO_COMMON_BLOCKS = YES;
				GCC_WARN_64_TO_32_BIT_CONVERSION = YES;
				GCC_WARN_ABOUT_RETURN_TYPE = YES_ERROR;
				GCC_WARN_UNDECLARED_SELECTOR = YES;
				GCC_WARN_UNINITIALIZED_AUTOS = YES_AGGRESSIVE;
				GCC_WARN_UNUSED_FUNCTION = YES;
				GCC_WARN_UNUSED_VARIABLE = YES;
				IPHONEOS_DEPLOYMENT_TARGET = 15.0;
				MTL_ENABLE_DEBUG_INFO = NO;
				MTL_FAST_MATH = YES;
				SDKROOT = iphoneos;
				SWIFT_COMPILATION_MODE = wholemodule;
				SWIFT_OPTIMIZATION_LEVEL = "-O";
				VALIDATE_PRODUCT = YES;
			};
			name = Release;
		};
		93AF815A27D51DD70098B134 /* Debug */ = {
			isa = XCBuildConfiguration;
			buildSettings = {
				ASSETCATALOG_COMPILER_APPICON_NAME = AppIcon;
				ASSETCATALOG_COMPILER_GLOBAL_ACCENT_COLOR_NAME = AccentColor;
				CODE_SIGN_STYLE = Automatic;
				CURRENT_PROJECT_VERSION = 1;
				DEVELOPMENT_ASSET_PATHS = "\"Instagram/Preview Content\"";
				DEVELOPMENT_TEAM = L549K4KACX;
				ENABLE_PREVIEWS = YES;
				GENERATE_INFOPLIST_FILE = YES;
				INFOPLIST_KEY_UIApplicationSceneManifest_Generation = YES;
				INFOPLIST_KEY_UIApplicationSupportsIndirectInputEvents = YES;
				INFOPLIST_KEY_UILaunchScreen_Generation = YES;
				INFOPLIST_KEY_UISupportedInterfaceOrientations_iPad = "UIInterfaceOrientationPortrait UIInterfaceOrientationPortraitUpsideDown UIInterfaceOrientationLandscapeLeft UIInterfaceOrientationLandscapeRight";
				INFOPLIST_KEY_UISupportedInterfaceOrientations_iPhone = "UIInterfaceOrientationPortrait UIInterfaceOrientationLandscapeLeft UIInterfaceOrientationLandscapeRight";
				LD_RUNPATH_SEARCH_PATHS = (
					"$(inherited)",
					"@executable_path/Frameworks",
				);
				MARKETING_VERSION = 1.0;
				PRODUCT_BUNDLE_IDENTIFIER = app.lhdigital.Instagram;
				PRODUCT_NAME = "$(TARGET_NAME)";
				SWIFT_EMIT_LOC_STRINGS = YES;
				SWIFT_VERSION = 5.0;
				TARGETED_DEVICE_FAMILY = 1;
			};
			name = Debug;
		};
		93AF815B27D51DD70098B134 /* Release */ = {
			isa = XCBuildConfiguration;
			buildSettings = {
				ASSETCATALOG_COMPILER_APPICON_NAME = AppIcon;
				ASSETCATALOG_COMPILER_GLOBAL_ACCENT_COLOR_NAME = AccentColor;
				CODE_SIGN_STYLE = Automatic;
				CURRENT_PROJECT_VERSION = 1;
				DEVELOPMENT_ASSET_PATHS = "\"Instagram/Preview Content\"";
				DEVELOPMENT_TEAM = L549K4KACX;
				ENABLE_PREVIEWS = YES;
				GENERATE_INFOPLIST_FILE = YES;
				INFOPLIST_KEY_UIApplicationSceneManifest_Generation = YES;
				INFOPLIST_KEY_UIApplicationSupportsIndirectInputEvents = YES;
				INFOPLIST_KEY_UILaunchScreen_Generation = YES;
				INFOPLIST_KEY_UISupportedInterfaceOrientations_iPad = "UIInterfaceOrientationPortrait UIInterfaceOrientationPortraitUpsideDown UIInterfaceOrientationLandscapeLeft UIInterfaceOrientationLandscapeRight";
				INFOPLIST_KEY_UISupportedInterfaceOrientations_iPhone = "UIInterfaceOrientationPortrait UIInterfaceOrientationLandscapeLeft UIInterfaceOrientationLandscapeRight";
				LD_RUNPATH_SEARCH_PATHS = (
					"$(inherited)",
					"@executable_path/Frameworks",
				);
				MARKETING_VERSION = 1.0;
				PRODUCT_BUNDLE_IDENTIFIER = app.lhdigital.Instagram;
				PRODUCT_NAME = "$(TARGET_NAME)";
				SWIFT_EMIT_LOC_STRINGS = YES;
				SWIFT_VERSION = 5.0;
				TARGETED_DEVICE_FAMILY = 1;
			};
			name = Release;
		};
/* End XCBuildConfiguration section */

/* Begin XCConfigurationList section */
		93AF814627D51DD60098B134 /* Build configuration list for PBXProject "Instagram" */ = {
			isa = XCConfigurationList;
			buildConfigurations = (
				93AF815727D51DD70098B134 /* Debug */,
				93AF815827D51DD70098B134 /* Release */,
			);
			defaultConfigurationIsVisible = 0;
			defaultConfigurationName = Release;
		};
		93AF815927D51DD70098B134 /* Build configuration list for PBXNativeTarget "Instagram" */ = {
			isa = XCConfigurationList;
			buildConfigurations = (
				93AF815A27D51DD70098B134 /* Debug */,
				93AF815B27D51DD70098B134 /* Release */,
			);
			defaultConfigurationIsVisible = 0;
			defaultConfigurationName = Release;
		};
/* End XCConfigurationList section */

/* Begin XCRemoteSwiftPackageReference section */
		93C47ADF27E7D7410091FA2F /* XCRemoteSwiftPackageReference "firebase-ios-sdk" */ = {
			isa = XCRemoteSwiftPackageReference;
			repositoryURL = "https://github.com/firebase/firebase-ios-sdk";
			requirement = {
				kind = upToNextMajorVersion;
				minimumVersion = 8.0.0;
			};
		};
		93C47AEA27E7D7E00091FA2F /* XCRemoteSwiftPackageReference "Kingfisher" */ = {
			isa = XCRemoteSwiftPackageReference;
			repositoryURL = "https://github.com/onevcat/Kingfisher.git";
			requirement = {
				kind = upToNextMajorVersion;
				minimumVersion = 7.0.0;
			};
		};
/* End XCRemoteSwiftPackageReference section */

/* Begin XCSwiftPackageProductDependency section */
		93C47AE027E7D7410091FA2F /* FirebaseAuth */ = {
			isa = XCSwiftPackageProductDependency;
			package = 93C47ADF27E7D7410091FA2F /* XCRemoteSwiftPackageReference "firebase-ios-sdk" */;
			productName = FirebaseAuth;
		};
		93C47AE227E7D7410091FA2F /* FirebaseFirestore */ = {
			isa = XCSwiftPackageProductDependency;
			package = 93C47ADF27E7D7410091FA2F /* XCRemoteSwiftPackageReference "firebase-ios-sdk" */;
			productName = FirebaseFirestore;
		};
		93C47AE427E7D7410091FA2F /* FirebaseFunctions */ = {
			isa = XCSwiftPackageProductDependency;
			package = 93C47ADF27E7D7410091FA2F /* XCRemoteSwiftPackageReference "firebase-ios-sdk" */;
			productName = FirebaseFunctions;
		};
		93C47AE627E7D7410091FA2F /* FirebaseMessaging */ = {
			isa = XCSwiftPackageProductDependency;
			package = 93C47ADF27E7D7410091FA2F /* XCRemoteSwiftPackageReference "firebase-ios-sdk" */;
			productName = FirebaseMessaging;
		};
		93C47AE827E7D7410091FA2F /* FirebaseStorage */ = {
			isa = XCSwiftPackageProductDependency;
			package = 93C47ADF27E7D7410091FA2F /* XCRemoteSwiftPackageReference "firebase-ios-sdk" */;
			productName = FirebaseStorage;
		};
		93C47AEB27E7D7E00091FA2F /* Kingfisher */ = {
			isa = XCSwiftPackageProductDependency;
			package = 93C47AEA27E7D7E00091FA2F /* XCRemoteSwiftPackageReference "Kingfisher" */;
			productName = Kingfisher;
		};
/* End XCSwiftPackageProductDependency section */
	};
	rootObject = 93AF814327D51DD60098B134 /* Project object */;
}
